
Microsoft Visual Studio Solution File, Format Version 12.00
# Visual Studio 15
VisualStudioVersion = 15.0.27004.2005
MinimumVisualStudioVersion = 10.0.40219.1
Project("{FAE04EC0-301F-11D3-BF4B-00C04F79EFBC}") = "Palindrom", "Palindrom\Palindrom.csproj", "{5467BFE4-9FAD-42EB-BCA2-4D3DA7C032EF}"
EndProject
Global
	GlobalSection(SolutionConfigurationPlatforms) = preSolution
		Debug|Any CPU = Debug|Any CPU
		Release|Any CPU = Release|Any CPU
	EndGlobalSection
	GlobalSection(ProjectConfigurationPlatforms) = postSolution
		{5467BFE4-9FAD-42EB-BCA2-4D3DA7C032EF}.Debug|Any CPU.ActiveCfg = Debug|Any CPU
		{5467BFE4-9FAD-42EB-BCA2-4D3DA7C032EF}.Debug|Any CPU.Build.0 = Debug|Any CPU
		{5467BFE4-9FAD-42EB-BCA2-4D3DA7C032EF}.Release|Any CPU.ActiveCfg = Release|Any CPU
		{5467BFE4-9FAD-42EB-BCA2-4D3DA7C032EF}.Release|Any CPU.Build.0 = Release|Any CPU
	EndGlobalSection
	GlobalSection(SolutionProperties) = preSolution
		HideSolutionNode = FALSE
	EndGlobalSection
	GlobalSection(ExtensibilityGlobals) = postSolution
		SolutionGuid = {BD66FFC1-C168-4A4F-A70D-FC905AD4B3F7}
	EndGlobalSection
EndGlobal
